
Microsoft Visual Studio Solution File, Format Version 12.00
# Visual Studio 15
VisualStudioVersion = 15.0.28307.136
MinimumVisualStudioVersion = 10.0.40219.1
Project("{FAE04EC0-301F-11D3-BF4B-00C04F79EFBC}") = "Dynamic Connection String", "Dynamic Connection String\Dynamic Connection String.csproj", "{764EBBAA-EA2B-450D-842C-D4500780BDB3}"
EndProject
Global
	GlobalSection(SolutionConfigurationPlatforms) = preSolution
		Debug|Any CPU = Debug|Any CPU
		Release|Any CPU = Release|Any CPU
	EndGlobalSection
	GlobalSection(ProjectConfigurationPlatforms) = postSolution
		{764EBBAA-EA2B-450D-842C-D4500780BDB3}.Debug|Any CPU.ActiveCfg = Debug|Any CPU
		{764EBBAA-EA2B-450D-842C-D4500780BDB3}.Debug|Any CPU.Build.0 = Debug|Any CPU
		{764EBBAA-EA2B-450D-842C-D4500780BDB3}.Release|Any CPU.ActiveCfg = Release|Any CPU
		{764EBBAA-EA2B-450D-842C-D4500780BDB3}.Release|Any CPU.Build.0 = Release|Any CPU
	EndGlobalSection
	GlobalSection(SolutionProperties) = preSolution
		HideSolutionNode = FALSE
	EndGlobalSection
	GlobalSection(ExtensibilityGlobals) = postSolution
		SolutionGuid = {0A5992A3-C6F3-4CC9-8CDB-D4AC231A9F4C}
	EndGlobalSection
EndGlobal
