
Microsoft Visual Studio Solution File, Format Version 12.00
# Visual Studio 15
VisualStudioVersion = 15.0.28307.421
MinimumVisualStudioVersion = 10.0.40219.1
Project("{FAE04EC0-301F-11D3-BF4B-00C04F79EFBC}") = "EmbedSampleApplication", "EmbedSampleApplication\EmbedSampleApplication.csproj", "{810811A5-9B37-4C46-A954-1EE31D3E9A8A}"
EndProject
Global
	GlobalSection(SolutionConfigurationPlatforms) = preSolution
		Debug|Any CPU = Debug|Any CPU
		Release|Any CPU = Release|Any CPU
	EndGlobalSection
	GlobalSection(ProjectConfigurationPlatforms) = postSolution
		{810811A5-9B37-4C46-A954-1EE31D3E9A8A}.Debug|Any CPU.ActiveCfg = Debug|Any CPU
		{810811A5-9B37-4C46-A954-1EE31D3E9A8A}.Debug|Any CPU.Build.0 = Debug|Any CPU
		{810811A5-9B37-4C46-A954-1EE31D3E9A8A}.Release|Any CPU.ActiveCfg = Release|Any CPU
		{810811A5-9B37-4C46-A954-1EE31D3E9A8A}.Release|Any CPU.Build.0 = Release|Any CPU
	EndGlobalSection
	GlobalSection(SolutionProperties) = preSolution
		HideSolutionNode = FALSE
	EndGlobalSection
	GlobalSection(ExtensibilityGlobals) = postSolution
		SolutionGuid = {D8465440-34B4-4712-825D-57CE5B542898}
	EndGlobalSection
EndGlobal
