
Microsoft Visual Studio Solution File, Format Version 12.00
# Visual Studio Version 17
VisualStudioVersion = 17.6.33829.357
MinimumVisualStudioVersion = 10.0.40219.1
Project("{FAE04EC0-301F-11D3-BF4B-00C04F79EFBC}") = "boldbi.web.api", "boldbi.web.api.csproj", "{4538A3CE-8082-4CE6-BB3B-E10D246C56A6}"
EndProject
Global
	GlobalSection(SolutionConfigurationPlatforms) = preSolution
		Debug|Any CPU = Debug|Any CPU
		Release|Any CPU = Release|Any CPU
	EndGlobalSection
	GlobalSection(ProjectConfigurationPlatforms) = postSolution
		{4538A3CE-8082-4CE6-BB3B-E10D246C56A6}.Debug|Any CPU.ActiveCfg = Debug|Any CPU
		{4538A3CE-8082-4CE6-BB3B-E10D246C56A6}.Debug|Any CPU.Build.0 = Debug|Any CPU
		{4538A3CE-8082-4CE6-BB3B-E10D246C56A6}.Release|Any CPU.ActiveCfg = Release|Any CPU
		{4538A3CE-8082-4CE6-BB3B-E10D246C56A6}.Release|Any CPU.Build.0 = Release|Any CPU
	EndGlobalSection
	GlobalSection(SolutionProperties) = preSolution
		HideSolutionNode = FALSE
	EndGlobalSection
	GlobalSection(ExtensibilityGlobals) = postSolution
		SolutionGuid = {741D94B5-C023-4170-9E29-EAF27528F417}
	EndGlobalSection
EndGlobal
