
Microsoft Visual Studio Solution File, Format Version 12.00
# Visual Studio Version 17
VisualStudioVersion = 17.3.32929.385
MinimumVisualStudioVersion = 10.0.40219.1
Project("{FAE04EC0-301F-11D3-BF4B-00C04F79EFBC}") = "Syncfusion.Server.EmbedBoldBI", "Syncfusion.Server.EmbedBoldBI\Syncfusion.Server.EmbedBoldBI.csproj", "{334F6AF3-C830-48D4-98CB-2F300F6905E7}"
EndProject
Global
	GlobalSection(SolutionConfigurationPlatforms) = preSolution
		Debug|Any CPU = Debug|Any CPU
		Release|Any CPU = Release|Any CPU
	EndGlobalSection
	GlobalSection(ProjectConfigurationPlatforms) = postSolution
		{334F6AF3-C830-48D4-98CB-2F300F6905E7}.Debug|Any CPU.ActiveCfg = Debug|Any CPU
		{334F6AF3-C830-48D4-98CB-2F300F6905E7}.Debug|Any CPU.Build.0 = Debug|Any CPU
		{334F6AF3-C830-48D4-98CB-2F300F6905E7}.Release|Any CPU.ActiveCfg = Release|Any CPU
		{334F6AF3-C830-48D4-98CB-2F300F6905E7}.Release|Any CPU.Build.0 = Release|Any CPU
	EndGlobalSection
	GlobalSection(SolutionProperties) = preSolution
		HideSolutionNode = FALSE
	EndGlobalSection
	GlobalSection(ExtensibilityGlobals) = postSolution
		SolutionGuid = {19379D14-ADB4-45DE-9CD3-2D1BB31DE336}
	EndGlobalSection
EndGlobal
