
Microsoft Visual Studio Solution File, Format Version 12.00
# Visual Studio Version 16
VisualStudioVersion = 16.0.30611.23
MinimumVisualStudioVersion = 10.0.40219.1
Project("{FAE04EC0-301F-11D3-BF4B-00C04F79EFBC}") = "Xamarin.Forms.Sample.Android", "Xamarin.Forms.Sample\Xamarin.Forms.Sample.Android\Xamarin.Forms.Sample.Android.csproj", "{C924C886-829F-434A-947F-37CF40528C57}"
EndProject
Project("{FAE04EC0-301F-11D3-BF4B-00C04F79EFBC}") = "Xamarin.Forms.Sample.iOS", "Xamarin.Forms.Sample\Xamarin.Forms.Sample.iOS\Xamarin.Forms.Sample.iOS.csproj", "{D193C6F4-C47B-4167-9635-05E4D9F9980D}"
EndProject
Project("{9A19103F-16F7-4668-BE54-9A1E7A4F7556}") = "Xamarin.Forms.Sample", "Xamarin.Forms.Sample\Xamarin.Forms.Sample\Xamarin.Forms.Sample.csproj", "{185807D7-F2B6-4AA9-B5EE-0711AB83C4CC}"
EndProject
Global
	GlobalSection(SolutionConfigurationPlatforms) = preSolution
		Debug|Any CPU = Debug|Any CPU
		Debug|iPhone = Debug|iPhone
		Debug|iPhoneSimulator = Debug|iPhoneSimulator
		Release|Any CPU = Release|Any CPU
		Release|iPhone = Release|iPhone
		Release|iPhoneSimulator = Release|iPhoneSimulator
	EndGlobalSection
	GlobalSection(ProjectConfigurationPlatforms) = postSolution
		{C924C886-829F-434A-947F-37CF40528C57}.Debug|Any CPU.ActiveCfg = Debug|Any CPU
		{C924C886-829F-434A-947F-37CF40528C57}.Debug|Any CPU.Build.0 = Debug|Any CPU
		{C924C886-829F-434A-947F-37CF40528C57}.Debug|Any CPU.Deploy.0 = Debug|Any CPU
		{C924C886-829F-434A-947F-37CF40528C57}.Debug|iPhone.ActiveCfg = Debug|Any CPU
		{C924C886-829F-434A-947F-37CF40528C57}.Debug|iPhone.Build.0 = Debug|Any CPU
		{C924C886-829F-434A-947F-37CF40528C57}.Debug|iPhone.Deploy.0 = Debug|Any CPU
		{C924C886-829F-434A-947F-37CF40528C57}.Debug|iPhoneSimulator.ActiveCfg = Debug|Any CPU
		{C924C886-829F-434A-947F-37CF40528C57}.Debug|iPhoneSimulator.Build.0 = Debug|Any CPU
		{C924C886-829F-434A-947F-37CF40528C57}.Debug|iPhoneSimulator.Deploy.0 = Debug|Any CPU
		{C924C886-829F-434A-947F-37CF40528C57}.Release|Any CPU.ActiveCfg = Release|Any CPU
		{C924C886-829F-434A-947F-37CF40528C57}.Release|Any CPU.Build.0 = Release|Any CPU
		{C924C886-829F-434A-947F-37CF40528C57}.Release|Any CPU.Deploy.0 = Release|Any CPU
		{C924C886-829F-434A-947F-37CF40528C57}.Release|iPhone.ActiveCfg = Release|Any CPU
		{C924C886-829F-434A-947F-37CF40528C57}.Release|iPhone.Build.0 = Release|Any CPU
		{C924C886-829F-434A-947F-37CF40528C57}.Release|iPhone.Deploy.0 = Release|Any CPU
		{C924C886-829F-434A-947F-37CF40528C57}.Release|iPhoneSimulator.ActiveCfg = Release|Any CPU
		{C924C886-829F-434A-947F-37CF40528C57}.Release|iPhoneSimulator.Build.0 = Release|Any CPU
		{C924C886-829F-434A-947F-37CF40528C57}.Release|iPhoneSimulator.Deploy.0 = Release|Any CPU
		{D193C6F4-C47B-4167-9635-05E4D9F9980D}.Debug|Any CPU.ActiveCfg = Debug|iPhone
		{D193C6F4-C47B-4167-9635-05E4D9F9980D}.Debug|Any CPU.Build.0 = Debug|iPhone
		{D193C6F4-C47B-4167-9635-05E4D9F9980D}.Debug|Any CPU.Deploy.0 = Debug|iPhone
		{D193C6F4-C47B-4167-9635-05E4D9F9980D}.Debug|iPhone.ActiveCfg = Debug|iPhone
		{D193C6F4-C47B-4167-9635-05E4D9F9980D}.Debug|iPhone.Build.0 = Debug|iPhone
		{D193C6F4-C47B-4167-9635-05E4D9F9980D}.Debug|iPhone.Deploy.0 = Debug|iPhone
		{D193C6F4-C47B-4167-9635-05E4D9F9980D}.Debug|iPhoneSimulator.ActiveCfg = Debug|iPhoneSimulator
		{D193C6F4-C47B-4167-9635-05E4D9F9980D}.Debug|iPhoneSimulator.Build.0 = Debug|iPhoneSimulator
		{D193C6F4-C47B-4167-9635-05E4D9F9980D}.Debug|iPhoneSimulator.Deploy.0 = Debug|iPhoneSimulator
		{D193C6F4-C47B-4167-9635-05E4D9F9980D}.Release|Any CPU.ActiveCfg = Release|iPhoneSimulator
		{D193C6F4-C47B-4167-9635-05E4D9F9980D}.Release|Any CPU.Build.0 = Release|iPhoneSimulator
		{D193C6F4-C47B-4167-9635-05E4D9F9980D}.Release|Any CPU.Deploy.0 = Release|iPhoneSimulator
		{D193C6F4-C47B-4167-9635-05E4D9F9980D}.Release|iPhone.ActiveCfg = Release|iPhone
		{D193C6F4-C47B-4167-9635-05E4D9F9980D}.Release|iPhone.Build.0 = Release|iPhone
		{D193C6F4-C47B-4167-9635-05E4D9F9980D}.Release|iPhone.Deploy.0 = Release|iPhone
		{D193C6F4-C47B-4167-9635-05E4D9F9980D}.Release|iPhoneSimulator.ActiveCfg = Release|iPhoneSimulator
		{D193C6F4-C47B-4167-9635-05E4D9F9980D}.Release|iPhoneSimulator.Build.0 = Release|iPhoneSimulator
		{D193C6F4-C47B-4167-9635-05E4D9F9980D}.Release|iPhoneSimulator.Deploy.0 = Release|iPhoneSimulator
		{185807D7-F2B6-4AA9-B5EE-0711AB83C4CC}.Debug|Any CPU.ActiveCfg = Debug|Any CPU
		{185807D7-F2B6-4AA9-B5EE-0711AB83C4CC}.Debug|Any CPU.Build.0 = Debug|Any CPU
		{185807D7-F2B6-4AA9-B5EE-0711AB83C4CC}.Debug|Any CPU.Deploy.0 = Debug|Any CPU
		{185807D7-F2B6-4AA9-B5EE-0711AB83C4CC}.Debug|iPhone.ActiveCfg = Debug|Any CPU
		{185807D7-F2B6-4AA9-B5EE-0711AB83C4CC}.Debug|iPhone.Build.0 = Debug|Any CPU
		{185807D7-F2B6-4AA9-B5EE-0711AB83C4CC}.Debug|iPhone.Deploy.0 = Debug|Any CPU
		{185807D7-F2B6-4AA9-B5EE-0711AB83C4CC}.Debug|iPhoneSimulator.ActiveCfg = Debug|Any CPU
		{185807D7-F2B6-4AA9-B5EE-0711AB83C4CC}.Debug|iPhoneSimulator.Build.0 = Debug|Any CPU
		{185807D7-F2B6-4AA9-B5EE-0711AB83C4CC}.Debug|iPhoneSimulator.Deploy.0 = Debug|Any CPU
		{185807D7-F2B6-4AA9-B5EE-0711AB83C4CC}.Release|Any CPU.ActiveCfg = Release|Any CPU
		{185807D7-F2B6-4AA9-B5EE-0711AB83C4CC}.Release|Any CPU.Build.0 = Release|Any CPU
		{185807D7-F2B6-4AA9-B5EE-0711AB83C4CC}.Release|Any CPU.Deploy.0 = Release|Any CPU
		{185807D7-F2B6-4AA9-B5EE-0711AB83C4CC}.Release|iPhone.ActiveCfg = Release|Any CPU
		{185807D7-F2B6-4AA9-B5EE-0711AB83C4CC}.Release|iPhone.Build.0 = Release|Any CPU
		{185807D7-F2B6-4AA9-B5EE-0711AB83C4CC}.Release|iPhone.Deploy.0 = Release|Any CPU
		{185807D7-F2B6-4AA9-B5EE-0711AB83C4CC}.Release|iPhoneSimulator.ActiveCfg = Release|Any CPU
		{185807D7-F2B6-4AA9-B5EE-0711AB83C4CC}.Release|iPhoneSimulator.Build.0 = Release|Any CPU
		{185807D7-F2B6-4AA9-B5EE-0711AB83C4CC}.Release|iPhoneSimulator.Deploy.0 = Release|Any CPU
	EndGlobalSection
	GlobalSection(SolutionProperties) = preSolution
		HideSolutionNode = FALSE
	EndGlobalSection
	GlobalSection(ExtensibilityGlobals) = postSolution
		SolutionGuid = {E41674D6-B99A-48D2-A816-751502FAABB4}
	EndGlobalSection
EndGlobal
